// !$*UTF8*$!
{
	archiveVersion = 1;
	classes = {
	};
	objectVersion = 50;
	objects = {

/* Begin PBXBuildFile section */
		2D5A771121B41C5E00610A5F /* main.swift in Sources */ = {isa = PBXBuildFile; fileRef = 2D5A771021B41C5E00610A5F /* main.swift */; };
		2D5A772621B4435200610A5F /* Day1.swift in Sources */ = {isa = PBXBuildFile; fileRef = 2D5A772521B4435200610A5F /* Day1.swift */; };
		2D5A772821B56CBC00610A5F /* Day1.txt in Resources */ = {isa = PBXBuildFile; fileRef = 2D5A772721B56CBC00610A5F /* Day1.txt */; };
		2D5A772A21B56DAD00610A5F /* Day.swift in Sources */ = {isa = PBXBuildFile; fileRef = 2D5A772921B56DAD00610A5F /* Day.swift */; };
		2D5A772D21B571AC00610A5F /* Day2.swift in Sources */ = {isa = PBXBuildFile; fileRef = 2D5A772C21B571AC00610A5F /* Day2.swift */; };
		2D5A772F21B5720800610A5F /* Day2.txt in Resources */ = {isa = PBXBuildFile; fileRef = 2D5A772E21B5720800610A5F /* Day2.txt */; };
		2D5A773221B5815600610A5F /* Day3.txt in Resources */ = {isa = PBXBuildFile; fileRef = 2D5A773121B5815600610A5F /* Day3.txt */; };
		2D5A773421B5816300610A5F /* Day3.swift in Sources */ = {isa = PBXBuildFile; fileRef = 2D5A773321B5816300610A5F /* Day3.swift */; };
		2D5A773721B63B5300610A5F /* Day4.swift in Sources */ = {isa = PBXBuildFile; fileRef = 2D5A773621B63B5300610A5F /* Day4.swift */; };
		2D5A773921B63B5E00610A5F /* Day4.txt in Resources */ = {isa = PBXBuildFile; fileRef = 2D5A773821B63B5E00610A5F /* Day4.txt */; };
		2D5A773C21B735DB00610A5F /* Day5.swift in Sources */ = {isa = PBXBuildFile; fileRef = 2D5A773B21B735DB00610A5F /* Day5.swift */; };
		2D5A773E21B7360600610A5F /* Day5.txt in Resources */ = {isa = PBXBuildFile; fileRef = 2D5A773D21B7360600610A5F /* Day5.txt */; };
		2D5A774421B95D7400610A5F /* Day6.swift in Sources */ = {isa = PBXBuildFile; fileRef = 2D5A774321B95D7400610A5F /* Day6.swift */; };
		2D5A774621B95D7D00610A5F /* Day6.txt in Resources */ = {isa = PBXBuildFile; fileRef = 2D5A774521B95D7D00610A5F /* Day6.txt */; };
		2D5A774921BAB17A00610A5F /* Day7.swift in Sources */ = {isa = PBXBuildFile; fileRef = 2D5A774821BAB17A00610A5F /* Day7.swift */; };
		2D5A774B21BAB18500610A5F /* Day7.txt in Resources */ = {isa = PBXBuildFile; fileRef = 2D5A774A21BAB18500610A5F /* Day7.txt */; };
		2D5A775121BDAA5900610A5F /* Day8.swift in Sources */ = {isa = PBXBuildFile; fileRef = 2D5A775021BDAA5900610A5F /* Day8.swift */; };
		2D5A775321BDAA6700610A5F /* Day8.txt in Resources */ = {isa = PBXBuildFile; fileRef = 2D5A775221BDAA6700610A5F /* Day8.txt */; };
		2D5A775621BDC28E00610A5F /* Day9.swift in Sources */ = {isa = PBXBuildFile; fileRef = 2D5A775521BDC28E00610A5F /* Day9.swift */; };
		2D5A775B21BEABD300610A5F /* Day10.swift in Sources */ = {isa = PBXBuildFile; fileRef = 2D5A775A21BEABD300610A5F /* Day10.swift */; };
		2D5A775F21BEABEE00610A5F /* Day10.txt in Resources */ = {isa = PBXBuildFile; fileRef = 2D5A775E21BEABEE00610A5F /* Day10.txt */; };
		2D5A776221BEAE5300610A5F /* Position.swift in Sources */ = {isa = PBXBuildFile; fileRef = 2D5A776121BEAE5300610A5F /* Position.swift */; };
		2D5A776421BEB16000610A5F /* Bounds.swift in Sources */ = {isa = PBXBuildFile; fileRef = 2D5A776321BEB16000610A5F /* Bounds.swift */; };
		2D814FA321C14A2E0069BF89 /* Day12.swift in Sources */ = {isa = PBXBuildFile; fileRef = 2D814FA221C14A2E0069BF89 /* Day12.swift */; };
		2D814FA521C14A390069BF89 /* Day12.txt in Resources */ = {isa = PBXBuildFile; fileRef = 2D814FA421C14A390069BF89 /* Day12.txt */; };
		2D814FA721C164270069BF89 /* String+Utility.swift in Sources */ = {isa = PBXBuildFile; fileRef = 2D814FA621C164270069BF89 /* String+Utility.swift */; };
		2D814FF721C299FC0069BF89 /* Day13.txt in Resources */ = {isa = PBXBuildFile; fileRef = 2D814FF621C299FC0069BF89 /* Day13.txt */; };
		2D814FF921C29A0F0069BF89 /* Day13.swift in Sources */ = {isa = PBXBuildFile; fileRef = 2D814FF821C29A0F0069BF89 /* Day13.swift */; };
		2D814FFB21C2A1630069BF89 /* Direction.swift in Sources */ = {isa = PBXBuildFile; fileRef = 2D814FFA21C2A1630069BF89 /* Direction.swift */; };
		2DE023D721C025F700AE2FBF /* Day11.swift in Sources */ = {isa = PBXBuildFile; fileRef = 2DE023D621C025F700AE2FBF /* Day11.swift */; };
		2DE023D921C0275B00AE2FBF /* Int+Utility.swift in Sources */ = {isa = PBXBuildFile; fileRef = 2DE023D821C0275B00AE2FBF /* Int+Utility.swift */; };
/* End PBXBuildFile section */

/* Begin PBXFileReference section */
		2D5A770D21B41C5D00610A5F /* AdventOfCode.app */ = {isa = PBXFileReference; explicitFileType = wrapper.application; includeInIndex = 0; path = AdventOfCode.app; sourceTree = BUILT_PRODUCTS_DIR; };
		2D5A771021B41C5E00610A5F /* main.swift */ = {isa = PBXFileReference; lastKnownFileType = sourcecode.swift; path = main.swift; sourceTree = "<group>"; };
		2D5A771C21B41C6000610A5F /* Info.plist */ = {isa = PBXFileReference; lastKnownFileType = text.plist.xml; path = Info.plist; sourceTree = "<group>"; };
		2D5A772521B4435200610A5F /* Day1.swift */ = {isa = PBXFileReference; lastKnownFileType = sourcecode.swift; path = Day1.swift; sourceTree = "<group>"; };
		2D5A772721B56CBC00610A5F /* Day1.txt */ = {isa = PBXFileReference; lastKnownFileType = text; path = Day1.txt; sourceTree = "<group>"; };
		2D5A772921B56DAD00610A5F /* Day.swift */ = {isa = PBXFileReference; lastKnownFileType = sourcecode.swift; path = Day.swift; sourceTree = "<group>"; };
		2D5A772C21B571AC00610A5F /* Day2.swift */ = {isa = PBXFileReference; lastKnownFileType = sourcecode.swift; path = Day2.swift; sourceTree = "<group>"; };
		2D5A772E21B5720800610A5F /* Day2.txt */ = {isa = PBXFileReference; lastKnownFileType = text; path = Day2.txt; sourceTree = "<group>"; };
		2D5A773121B5815600610A5F /* Day3.txt */ = {isa = PBXFileReference; lastKnownFileType = text; path = Day3.txt; sourceTree = "<group>"; };
		2D5A773321B5816300610A5F /* Day3.swift */ = {isa = PBXFileReference; lastKnownFileType = sourcecode.swift; path = Day3.swift; sourceTree = "<group>"; };
		2D5A773621B63B5300610A5F /* Day4.swift */ = {isa = PBXFileReference; lastKnownFileType = sourcecode.swift; path = Day4.swift; sourceTree = "<group>"; };
		2D5A773821B63B5E00610A5F /* Day4.txt */ = {isa = PBXFileReference; lastKnownFileType = text; path = Day4.txt; sourceTree = "<group>"; };
		2D5A773B21B735DB00610A5F /* Day5.swift */ = {isa = PBXFileReference; lastKnownFileType = sourcecode.swift; path = Day5.swift; sourceTree = "<group>"; };
		2D5A773D21B7360600610A5F /* Day5.txt */ = {isa = PBXFileReference; lastKnownFileType = text; path = Day5.txt; sourceTree = "<group>"; };
		2D5A774321B95D7400610A5F /* Day6.swift */ = {isa = PBXFileReference; lastKnownFileType = sourcecode.swift; path = Day6.swift; sourceTree = "<group>"; };
		2D5A774521B95D7D00610A5F /* Day6.txt */ = {isa = PBXFileReference; lastKnownFileType = text; path = Day6.txt; sourceTree = "<group>"; };
		2D5A774821BAB17A00610A5F /* Day7.swift */ = {isa = PBXFileReference; lastKnownFileType = sourcecode.swift; path = Day7.swift; sourceTree = "<group>"; };
		2D5A774A21BAB18500610A5F /* Day7.txt */ = {isa = PBXFileReference; lastKnownFileType = text; path = Day7.txt; sourceTree = "<group>"; };
		2D5A775021BDAA5900610A5F /* Day8.swift */ = {isa = PBXFileReference; lastKnownFileType = sourcecode.swift; path = Day8.swift; sourceTree = "<group>"; };
		2D5A775221BDAA6700610A5F /* Day8.txt */ = {isa = PBXFileReference; lastKnownFileType = text; path = Day8.txt; sourceTree = "<group>"; };
		2D5A775521BDC28E00610A5F /* Day9.swift */ = {isa = PBXFileReference; lastKnownFileType = sourcecode.swift; path = Day9.swift; sourceTree = "<group>"; };
		2D5A775A21BEABD300610A5F /* Day10.swift */ = {isa = PBXFileReference; lastKnownFileType = sourcecode.swift; path = Day10.swift; sourceTree = "<group>"; };
		2D5A775E21BEABEE00610A5F /* Day10.txt */ = {isa = PBXFileReference; lastKnownFileType = text; path = Day10.txt; sourceTree = "<group>"; };
		2D5A776121BEAE5300610A5F /* Position.swift */ = {isa = PBXFileReference; lastKnownFileType = sourcecode.swift; path = Position.swift; sourceTree = "<group>"; };
		2D5A776321BEB16000610A5F /* Bounds.swift */ = {isa = PBXFileReference; lastKnownFileType = sourcecode.swift; path = Bounds.swift; sourceTree = "<group>"; };
		2D814FA221C14A2E0069BF89 /* Day12.swift */ = {isa = PBXFileReference; lastKnownFileType = sourcecode.swift; path = Day12.swift; sourceTree = "<group>"; };
		2D814FA421C14A390069BF89 /* Day12.txt */ = {isa = PBXFileReference; lastKnownFileType = text; path = Day12.txt; sourceTree = "<group>"; };
		2D814FA621C164270069BF89 /* String+Utility.swift */ = {isa = PBXFileReference; lastKnownFileType = sourcecode.swift; path = "String+Utility.swift"; sourceTree = "<group>"; };
		2D814FF621C299FC0069BF89 /* Day13.txt */ = {isa = PBXFileReference; lastKnownFileType = text; path = Day13.txt; sourceTree = "<group>"; };
		2D814FF821C29A0F0069BF89 /* Day13.swift */ = {isa = PBXFileReference; lastKnownFileType = sourcecode.swift; path = Day13.swift; sourceTree = "<group>"; };
		2D814FFA21C2A1630069BF89 /* Direction.swift */ = {isa = PBXFileReference; lastKnownFileType = sourcecode.swift; path = Direction.swift; sourceTree = "<group>"; };
		2DE023D621C025F700AE2FBF /* Day11.swift */ = {isa = PBXFileReference; lastKnownFileType = sourcecode.swift; path = Day11.swift; sourceTree = "<group>"; };
		2DE023D821C0275B00AE2FBF /* Int+Utility.swift */ = {isa = PBXFileReference; lastKnownFileType = sourcecode.swift; path = "Int+Utility.swift"; sourceTree = "<group>"; };
/* End PBXFileReference section */

/* Begin PBXFrameworksBuildPhase section */
		2D5A770A21B41C5D00610A5F /* Frameworks */ = {
			isa = PBXFrameworksBuildPhase;
			buildActionMask = 2147483647;
			files = (
			);
			runOnlyForDeploymentPostprocessing = 0;
		};
/* End PBXFrameworksBuildPhase section */

/* Begin PBXGroup section */
		2D5A770421B41C5D00610A5F = {
			isa = PBXGroup;
			children = (
				2D5A770F21B41C5D00610A5F /* AdventOfCode */,
				2D5A770E21B41C5D00610A5F /* Products */,
			);
			sourceTree = "<group>";
		};
		2D5A770E21B41C5D00610A5F /* Products */ = {
			isa = PBXGroup;
			children = (
				2D5A770D21B41C5D00610A5F /* AdventOfCode.app */,
			);
			name = Products;
			sourceTree = "<group>";
		};
		2D5A770F21B41C5D00610A5F /* AdventOfCode */ = {
			isa = PBXGroup;
			children = (
				2D814FF521C299C40069BF89 /* Day13 */,
				2D814FA121C14A160069BF89 /* Day12 */,
				2DE023D521C025E200AE2FBF /* Day11 */,
				2D5A775921BEABC800610A5F /* Day10 */,
				2D5A775421BDC28300610A5F /* Day9 */,
				2D5A774F21BDAA4E00610A5F /* Day8 */,
				2D5A774721BAB16F00610A5F /* Day7 */,
				2D5A774221B95D6600610A5F /* Day6 */,
				2D5A773A21B735D000610A5F /* Day5 */,
				2D5A773521B63B4900610A5F /* Day4 */,
				2D5A773021B5814B00610A5F /* Day3 */,
				2D5A772B21B571A200610A5F /* Day2 */,
				2D5A772421B4434A00610A5F /* Day1 */,
				2D5A776021BEAE2D00610A5F /* Reusable */,
				2D5A771021B41C5E00610A5F /* main.swift */,
				2D5A771C21B41C6000610A5F /* Info.plist */,
				2D5A772921B56DAD00610A5F /* Day.swift */,
			);
			path = AdventOfCode;
			sourceTree = "<group>";
		};
		2D5A772421B4434A00610A5F /* Day1 */ = {
			isa = PBXGroup;
			children = (
				2D5A772521B4435200610A5F /* Day1.swift */,
				2D5A772721B56CBC00610A5F /* Day1.txt */,
			);
			path = Day1;
			sourceTree = "<group>";
		};
		2D5A772B21B571A200610A5F /* Day2 */ = {
			isa = PBXGroup;
			children = (
				2D5A772C21B571AC00610A5F /* Day2.swift */,
				2D5A772E21B5720800610A5F /* Day2.txt */,
			);
			path = Day2;
			sourceTree = "<group>";
		};
		2D5A773021B5814B00610A5F /* Day3 */ = {
			isa = PBXGroup;
			children = (
				2D5A773321B5816300610A5F /* Day3.swift */,
				2D5A773121B5815600610A5F /* Day3.txt */,
			);
			path = Day3;
			sourceTree = "<group>";
		};
		2D5A773521B63B4900610A5F /* Day4 */ = {
			isa = PBXGroup;
			children = (
				2D5A773621B63B5300610A5F /* Day4.swift */,
				2D5A773821B63B5E00610A5F /* Day4.txt */,
			);
			path = Day4;
			sourceTree = "<group>";
		};
		2D5A773A21B735D000610A5F /* Day5 */ = {
			isa = PBXGroup;
			children = (
				2D5A773B21B735DB00610A5F /* Day5.swift */,
				2D5A773D21B7360600610A5F /* Day5.txt */,
			);
			path = Day5;
			sourceTree = "<group>";
		};
		2D5A774221B95D6600610A5F /* Day6 */ = {
			isa = PBXGroup;
			children = (
				2D5A774321B95D7400610A5F /* Day6.swift */,
				2D5A774521B95D7D00610A5F /* Day6.txt */,
			);
			path = Day6;
			sourceTree = "<group>";
		};
		2D5A774721BAB16F00610A5F /* Day7 */ = {
			isa = PBXGroup;
			children = (
				2D5A774821BAB17A00610A5F /* Day7.swift */,
				2D5A774A21BAB18500610A5F /* Day7.txt */,
			);
			path = Day7;
			sourceTree = "<group>";
		};
		2D5A774F21BDAA4E00610A5F /* Day8 */ = {
			isa = PBXGroup;
			children = (
				2D5A775021BDAA5900610A5F /* Day8.swift */,
				2D5A775221BDAA6700610A5F /* Day8.txt */,
			);
			path = Day8;
			sourceTree = "<group>";
		};
		2D5A775421BDC28300610A5F /* Day9 */ = {
			isa = PBXGroup;
			children = (
				2D5A775521BDC28E00610A5F /* Day9.swift */,
			);
			path = Day9;
			sourceTree = "<group>";
		};
		2D5A775921BEABC800610A5F /* Day10 */ = {
			isa = PBXGroup;
			children = (
				2D5A775A21BEABD300610A5F /* Day10.swift */,
				2D5A775E21BEABEE00610A5F /* Day10.txt */,
			);
			path = Day10;
			sourceTree = "<group>";
		};
		2D5A776021BEAE2D00610A5F /* Reusable */ = {
			isa = PBXGroup;
			children = (
				2D5A776121BEAE5300610A5F /* Position.swift */,
				2D5A776321BEB16000610A5F /* Bounds.swift */,
				2DE023D821C0275B00AE2FBF /* Int+Utility.swift */,
				2D814FA621C164270069BF89 /* String+Utility.swift */,
				2D814FFA21C2A1630069BF89 /* Direction.swift */,
			);
			path = Reusable;
			sourceTree = "<group>";
		};
		2D814FA121C14A160069BF89 /* Day12 */ = {
			isa = PBXGroup;
			children = (
				2D814FA221C14A2E0069BF89 /* Day12.swift */,
				2D814FA421C14A390069BF89 /* Day12.txt */,
			);
			path = Day12;
			sourceTree = "<group>";
		};
		2D814FF521C299C40069BF89 /* Day13 */ = {
			isa = PBXGroup;
			children = (
				2D814FF621C299FC0069BF89 /* Day13.txt */,
				2D814FF821C29A0F0069BF89 /* Day13.swift */,
			);
			path = Day13;
			sourceTree = "<group>";
		};
		2DE023D521C025E200AE2FBF /* Day11 */ = {
			isa = PBXGroup;
			children = (
				2DE023D621C025F700AE2FBF /* Day11.swift */,
			);
			path = Day11;
			sourceTree = "<group>";
		};
/* End PBXGroup section */

/* Begin PBXNativeTarget section */
		2D5A770C21B41C5D00610A5F /* AdventOfCode */ = {
			isa = PBXNativeTarget;
			buildConfigurationList = 2D5A771F21B41C6000610A5F /* Build configuration list for PBXNativeTarget "AdventOfCode" */;
			buildPhases = (
				2D5A770921B41C5D00610A5F /* Sources */,
				2D5A770A21B41C5D00610A5F /* Frameworks */,
				2D5A770B21B41C5D00610A5F /* Resources */,
			);
			buildRules = (
			);
			dependencies = (
			);
			name = AdventOfCode;
			productName = AdventOfCode;
			productReference = 2D5A770D21B41C5D00610A5F /* AdventOfCode.app */;
			productType = "com.apple.product-type.application";
		};
/* End PBXNativeTarget section */

/* Begin PBXProject section */
		2D5A770521B41C5D00610A5F /* Project object */ = {
			isa = PBXProject;
			attributes = {
				LastSwiftUpdateCheck = 1000;
				LastUpgradeCheck = 1000;
				ORGANIZATIONNAME = "Connor Neville";
				TargetAttributes = {
					2D5A770C21B41C5D00610A5F = {
						CreatedOnToolsVersion = 10.0;
					};
				};
			};
			buildConfigurationList = 2D5A770821B41C5D00610A5F /* Build configuration list for PBXProject "AdventOfCode" */;
			compatibilityVersion = "Xcode 9.3";
			developmentRegion = en;
			hasScannedForEncodings = 0;
			knownRegions = (
				en,
				Base,
			);
			mainGroup = 2D5A770421B41C5D00610A5F;
			productRefGroup = 2D5A770E21B41C5D00610A5F /* Products */;
			projectDirPath = "";
			projectRoot = "";
			targets = (
				2D5A770C21B41C5D00610A5F /* AdventOfCode */,
			);
		};
/* End PBXProject section */

/* Begin PBXResourcesBuildPhase section */
		2D5A770B21B41C5D00610A5F /* Resources */ = {
			isa = PBXResourcesBuildPhase;
			buildActionMask = 2147483647;
			files = (
				2D5A773E21B7360600610A5F /* Day5.txt in Resources */,
				2D5A773921B63B5E00610A5F /* Day4.txt in Resources */,
				2D5A774621B95D7D00610A5F /* Day6.txt in Resources */,
				2D814FF721C299FC0069BF89 /* Day13.txt in Resources */,
				2D5A772F21B5720800610A5F /* Day2.txt in Resources */,
				2D5A775321BDAA6700610A5F /* Day8.txt in Resources */,
				2D5A775F21BEABEE00610A5F /* Day10.txt in Resources */,
				2D814FA521C14A390069BF89 /* Day12.txt in Resources */,
				2D5A774B21BAB18500610A5F /* Day7.txt in Resources */,
				2D5A772821B56CBC00610A5F /* Day1.txt in Resources */,
				2D5A773221B5815600610A5F /* Day3.txt in Resources */,
			);
			runOnlyForDeploymentPostprocessing = 0;
		};
/* End PBXResourcesBuildPhase section */

/* Begin PBXSourcesBuildPhase section */
		2D5A770921B41C5D00610A5F /* Sources */ = {
			isa = PBXSourcesBuildPhase;
			buildActionMask = 2147483647;
			files = (
				2D5A772621B4435200610A5F /* Day1.swift in Sources */,
				2D5A775121BDAA5900610A5F /* Day8.swift in Sources */,
				2D5A774421B95D7400610A5F /* Day6.swift in Sources */,
				2D814FFB21C2A1630069BF89 /* Direction.swift in Sources */,
				2D5A773C21B735DB00610A5F /* Day5.swift in Sources */,
				2D5A773721B63B5300610A5F /* Day4.swift in Sources */,
				2D814FF921C29A0F0069BF89 /* Day13.swift in Sources */,
				2D5A775B21BEABD300610A5F /* Day10.swift in Sources */,
				2DE023D921C0275B00AE2FBF /* Int+Utility.swift in Sources */,
				2D814FA321C14A2E0069BF89 /* Day12.swift in Sources */,
				2D5A773421B5816300610A5F /* Day3.swift in Sources */,
				2D5A776221BEAE5300610A5F /* Position.swift in Sources */,
				2D5A776421BEB16000610A5F /* Bounds.swift in Sources */,
				2D5A775621BDC28E00610A5F /* Day9.swift in Sources */,
				2D5A772D21B571AC00610A5F /* Day2.swift in Sources */,
				2DE023D721C025F700AE2FBF /* Day11.swift in Sources */,
				2D5A771121B41C5E00610A5F /* main.swift in Sources */,
				2D814FA721C164270069BF89 /* String+Utility.swift in Sources */,
				2D5A774921BAB17A00610A5F /* Day7.swift in Sources */,
				2D5A772A21B56DAD00610A5F /* Day.swift in Sources */,
			);
			runOnlyForDeploymentPostprocessing = 0;
		};
/* End PBXSourcesBuildPhase section */

/* Begin XCBuildConfiguration section */
		2D5A771D21B41C6000610A5F /* Debug */ = {
			isa = XCBuildConfiguration;
			buildSettings = {
				ALWAYS_SEARCH_USER_PATHS = NO;
				CLANG_ANALYZER_NONNULL = YES;
				CLANG_ANALYZER_NUMBER_OBJECT_CONVERSION = YES_AGGRESSIVE;
				CLANG_CXX_LANGUAGE_STANDARD = "gnu++14";
				CLANG_CXX_LIBRARY = "libc++";
				CLANG_ENABLE_MODULES = YES;
				CLANG_ENABLE_OBJC_ARC = YES;
				CLANG_ENABLE_OBJC_WEAK = YES;
				CLANG_WARN_BLOCK_CAPTURE_AUTORELEASING = YES;
				CLANG_WARN_BOOL_CONVERSION = YES;
				CLANG_WARN_COMMA = YES;
				CLANG_WARN_CONSTANT_CONVERSION = YES;
				CLANG_WARN_DEPRECATED_OBJC_IMPLEMENTATIONS = YES;
				CLANG_WARN_DIRECT_OBJC_ISA_USAGE = YES_ERROR;
				CLANG_WARN_DOCUMENTATION_COMMENTS = YES;
				CLANG_WARN_EMPTY_BODY = YES;
				CLANG_WARN_ENUM_CONVERSION = YES;
				CLANG_WARN_INFINITE_RECURSION = YES;
				CLANG_WARN_INT_CONVERSION = YES;
				CLANG_WARN_NON_LITERAL_NULL_CONVERSION = YES;
				CLANG_WARN_OBJC_IMPLICIT_RETAIN_SELF = YES;
				CLANG_WARN_OBJC_LITERAL_CONVERSION = YES;
				CLANG_WARN_OBJC_ROOT_CLASS = YES_ERROR;
				CLANG_WARN_RANGE_LOOP_ANALYSIS = YES;
				CLANG_WARN_STRICT_PROTOTYPES = YES;
				CLANG_WARN_SUSPICIOUS_MOVE = YES;
				CLANG_WARN_UNGUARDED_AVAILABILITY = YES_AGGRESSIVE;
				CLANG_WARN_UNREACHABLE_CODE = YES;
				CLANG_WARN__DUPLICATE_METHOD_MATCH = YES;
				CODE_SIGN_IDENTITY = "iPhone Developer";
				COPY_PHASE_STRIP = NO;
				DEBUG_INFORMATION_FORMAT = dwarf;
				ENABLE_STRICT_OBJC_MSGSEND = YES;
				ENABLE_TESTABILITY = YES;
				GCC_C_LANGUAGE_STANDARD = gnu11;
				GCC_DYNAMIC_NO_PIC = NO;
				GCC_NO_COMMON_BLOCKS = YES;
				GCC_OPTIMIZATION_LEVEL = 0;
				GCC_PREPROCESSOR_DEFINITIONS = (
					"DEBUG=1",
					"$(inherited)",
				);
				GCC_WARN_64_TO_32_BIT_CONVERSION = YES;
				GCC_WARN_ABOUT_RETURN_TYPE = YES_ERROR;
				GCC_WARN_UNDECLARED_SELECTOR = YES;
				GCC_WARN_UNINITIALIZED_AUTOS = YES_AGGRESSIVE;
				GCC_WARN_UNUSED_FUNCTION = YES;
				GCC_WARN_UNUSED_VARIABLE = YES;
				IPHONEOS_DEPLOYMENT_TARGET = 12.0;
				MTL_ENABLE_DEBUG_INFO = INCLUDE_SOURCE;
				MTL_FAST_MATH = YES;
				ONLY_ACTIVE_ARCH = YES;
				SDKROOT = iphoneos;
				SWIFT_ACTIVE_COMPILATION_CONDITIONS = DEBUG;
				SWIFT_OPTIMIZATION_LEVEL = "-Onone";
			};
			name = Debug;
		};
		2D5A771E21B41C6000610A5F /* Release */ = {
			isa = XCBuildConfiguration;
			buildSettings = {
				ALWAYS_SEARCH_USER_PATHS = NO;
				CLANG_ANALYZER_NONNULL = YES;
				CLANG_ANALYZER_NUMBER_OBJECT_CONVERSION = YES_AGGRESSIVE;
				CLANG_CXX_LANGUAGE_STANDARD = "gnu++14";
				CLANG_CXX_LIBRARY = "libc++";
				CLANG_ENABLE_MODULES = YES;
				CLANG_ENABLE_OBJC_ARC = YES;
				CLANG_ENABLE_OBJC_WEAK = YES;
				CLANG_WARN_BLOCK_CAPTURE_AUTORELEASING = YES;
				CLANG_WARN_BOOL_CONVERSION = YES;
				CLANG_WARN_COMMA = YES;
				CLANG_WARN_CONSTANT_CONVERSION = YES;
				CLANG_WARN_DEPRECATED_OBJC_IMPLEMENTATIONS = YES;
				CLANG_WARN_DIRECT_OBJC_ISA_USAGE = YES_ERROR;
				CLANG_WARN_DOCUMENTATION_COMMENTS = YES;
				CLANG_WARN_EMPTY_BODY = YES;
				CLANG_WARN_ENUM_CONVERSION = YES;
				CLANG_WARN_INFINITE_RECURSION = YES;
				CLANG_WARN_INT_CONVERSION = YES;
				CLANG_WARN_NON_LITERAL_NULL_CONVERSION = YES;
				CLANG_WARN_OBJC_IMPLICIT_RETAIN_SELF = YES;
				CLANG_WARN_OBJC_LITERAL_CONVERSION = YES;
				CLANG_WARN_OBJC_ROOT_CLASS = YES_ERROR;
				CLANG_WARN_RANGE_LOOP_ANALYSIS = YES;
				CLANG_WARN_STRICT_PROTOTYPES = YES;
				CLANG_WARN_SUSPICIOUS_MOVE = YES;
				CLANG_WARN_UNGUARDED_AVAILABILITY = YES_AGGRESSIVE;
				CLANG_WARN_UNREACHABLE_CODE = YES;
				CLANG_WARN__DUPLICATE_METHOD_MATCH = YES;
				CODE_SIGN_IDENTITY = "iPhone Developer";
				COPY_PHASE_STRIP = NO;
				DEBUG_INFORMATION_FORMAT = "dwarf-with-dsym";
				ENABLE_NS_ASSERTIONS = NO;
				ENABLE_STRICT_OBJC_MSGSEND = YES;
				GCC_C_LANGUAGE_STANDARD = gnu11;
				GCC_NO_COMMON_BLOCKS = YES;
				GCC_WARN_64_TO_32_BIT_CONVERSION = YES;
				GCC_WARN_ABOUT_RETURN_TYPE = YES_ERROR;
				GCC_WARN_UNDECLARED_SELECTOR = YES;
				GCC_WARN_UNINITIALIZED_AUTOS = YES_AGGRESSIVE;
				GCC_WARN_UNUSED_FUNCTION = YES;
				GCC_WARN_UNUSED_VARIABLE = YES;
				IPHONEOS_DEPLOYMENT_TARGET = 12.0;
				MTL_ENABLE_DEBUG_INFO = NO;
				MTL_FAST_MATH = YES;
				SDKROOT = iphoneos;
				SWIFT_COMPILATION_MODE = wholemodule;
				SWIFT_OPTIMIZATION_LEVEL = "-O";
				VALIDATE_PRODUCT = YES;
			};
			name = Release;
		};
		2D5A772021B41C6000610A5F /* Debug */ = {
			isa = XCBuildConfiguration;
			buildSettings = {
				CODE_SIGN_STYLE = Automatic;
				DEVELOPMENT_TEAM = PKTCFGJH9K;
				INFOPLIST_FILE = AdventOfCode/Info.plist;
				LD_RUNPATH_SEARCH_PATHS = (
					"$(inherited)",
					"@executable_path/Frameworks",
				);
				PRODUCT_BUNDLE_IDENTIFIER = com.connorneville.AdventOfCode;
				PRODUCT_NAME = "$(TARGET_NAME)";
				SWIFT_VERSION = 4.2;
				TARGETED_DEVICE_FAMILY = "1,2";
			};
			name = Debug;
		};
		2D5A772121B41C6000610A5F /* Release */ = {
			isa = XCBuildConfiguration;
			buildSettings = {
				CODE_SIGN_STYLE = Automatic;
				DEVELOPMENT_TEAM = PKTCFGJH9K;
				INFOPLIST_FILE = AdventOfCode/Info.plist;
				LD_RUNPATH_SEARCH_PATHS = (
					"$(inherited)",
					"@executable_path/Frameworks",
				);
				PRODUCT_BUNDLE_IDENTIFIER = com.connorneville.AdventOfCode;
				PRODUCT_NAME = "$(TARGET_NAME)";
				SWIFT_VERSION = 4.2;
				TARGETED_DEVICE_FAMILY = "1,2";
			};
			name = Release;
		};
/* End XCBuildConfiguration section */

/* Begin XCConfigurationList section */
		2D5A770821B41C5D00610A5F /* Build configuration list for PBXProject "AdventOfCode" */ = {
			isa = XCConfigurationList;
			buildConfigurations = (
				2D5A771D21B41C6000610A5F /* Debug */,
				2D5A771E21B41C6000610A5F /* Release */,
			);
			defaultConfigurationIsVisible = 0;
			defaultConfigurationName = Release;
		};
		2D5A771F21B41C6000610A5F /* Build configuration list for PBXNativeTarget "AdventOfCode" */ = {
			isa = XCConfigurationList;
			buildConfigurations = (
				2D5A772021B41C6000610A5F /* Debug */,
				2D5A772121B41C6000610A5F /* Release */,
			);
			defaultConfigurationIsVisible = 0;
			defaultConfigurationName = Release;
		};
/* End XCConfigurationList section */
	};
	rootObject = 2D5A770521B41C5D00610A5F /* Project object */;
}
